
Microsoft Visual Studio Solution File, Format Version 12.00
# Visual Studio Version 17
VisualStudioVersion = 17.2.32526.322
MinimumVisualStudioVersion = 10.0.40219.1
Project("{FAE04EC0-301F-11D3-BF4B-00C04F79EFBC}") = "Singleton", "Singleton\Singleton.csproj", "{CD017A3F-C603-4124-8D0A-29642CA5D835}"
EndProject
Global
	GlobalSection(SolutionConfigurationPlatforms) = preSolution
		Debug|Any CPU = Debug|Any CPU
		Release|Any CPU = Release|Any CPU
	EndGlobalSection
	GlobalSection(ProjectConfigurationPlatforms) = postSolution
		{CD017A3F-C603-4124-8D0A-29642CA5D835}.Debug|Any CPU.ActiveCfg = Debug|Any CPU
		{CD017A3F-C603-4124-8D0A-29642CA5D835}.Debug|Any CPU.Build.0 = Debug|Any CPU
		{CD017A3F-C603-4124-8D0A-29642CA5D835}.Release|Any CPU.ActiveCfg = Release|Any CPU
		{CD017A3F-C603-4124-8D0A-29642CA5D835}.Release|Any CPU.Build.0 = Release|Any CPU
	EndGlobalSection
	GlobalSection(SolutionProperties) = preSolution
		HideSolutionNode = FALSE
	EndGlobalSection
	GlobalSection(ExtensibilityGlobals) = postSolution
		SolutionGuid = {70480B13-47DD-450B-A6D5-50CA77955EBE}
	EndGlobalSection
EndGlobal
